# This file is autogenerated, do not edit; changes may be undone by the next 'dep ensure'.


[[projects]]
  branch = "master"
  digest = "1:21fc964c64ba904c2183017dc0f6ee0ca6943198a1001d08eb9414e3c6b1296c"
  name = "github.com/nareix/joy4"
  packages = [
    "av",
    "av/avutil",
    "av/pktque",
    "av/pubsub",
    "codec",
    "codec/aacparser",
    "codec/fake",
    "codec/h264parser",
    "format",
    "format/aac",
    "format/flv",
    "format/flv/flvio",
    "format/mp4",
    "format/mp4/mp4io",
    "format/rtmp",
    "format/rtsp",
    "format/rtsp/sdp",
    "format/ts",
    "format/ts/tsio",
    "utils/bits",
    "utils/bits/pio",
  ]
  pruneopts = "UT"
  revision = "3ddbc8f9d4316ab2bbec2bc9ee98127862e3af02"

[solve-meta]
  analyzer-name = "dep"
  analyzer-version = 1
  input-imports = [
    "github.com/nareix/joy4/av/avutil",
    "github.com/nareix/joy4/av/pubsub",
    "github.com/nareix/joy4/format",
    "github.com/nareix/joy4/format/flv",
    "github.com/nareix/joy4/format/rtmp",
  ]
  solver-name = "gps-cdcl"
  solver-version = 1
